
Microsoft Visual Studio Solution File, Format Version 12.00
# Visual Studio 2012
Project("{FAE04EC0-301F-11D3-BF4B-00C04F79EFBC}") = "TestGWSWebServiceTest", "Test_GWS\WebServiceTest\TestGWSWebServiceTest\TestGWSWebServiceTest\TestGWSWebServiceTest.csproj", "{C81C7156-9A69-4496-90D2-93A020A1DC3E}"
EndProject
Project("{FAE04EC0-301F-11D3-BF4B-00C04F79EFBC}") = "ExpediaMvcTestWebApp", "Test_GWS\WebServiceTest\TestGWSWebServiceTest\ExpediaMvcTestWebApp\ExpediaMvcTestWebApp.csproj", "{553410E1-0568-4DF2-AE81-67DD84F1E4FA}"
EndProject
Project("{FAE04EC0-301F-11D3-BF4B-00C04F79EFBC}") = "ExpediaMvcTestLibApp", "Test_GWS\WebServiceTest\TestGWSWebServiceTest\ExpediaMvcTestLibApp\ExpediaMvcTestLibApp.csproj", "{FB9183AD-41CC-4C46-9FA1-44A8CBA3C9FE}"
EndProject
Project("{2150E333-8FDC-42A3-9474-1A3956D46DE8}") = "Architecture", "Architecture", "{C67F2468-AB6C-46E1-B096-7C9F176A1638}"
EndProject
Project("{2150E333-8FDC-42A3-9474-1A3956D46DE8}") = "Application", "Application", "{DA5B99AD-9EF2-4E24-BE58-6470B48FC068}"
EndProject
Project("{2150E333-8FDC-42A3-9474-1A3956D46DE8}") = "Domain", "Domain", "{70B66A73-B596-46EB-8E30-D7074DFCA495}"
EndProject
Project("{2150E333-8FDC-42A3-9474-1A3956D46DE8}") = "Infrastructure", "Infrastructure", "{76D7E67C-F304-4B32-8712-6DC26D3105BF}"
EndProject
Project("{2150E333-8FDC-42A3-9474-1A3956D46DE8}") = "Presentation", "Presentation", "{5873AABA-A3A4-4167-B75F-D50DCE43DD3C}"
EndProject
Project("{2150E333-8FDC-42A3-9474-1A3956D46DE8}") = "Test", "Test", "{716087E0-3D5E-42C3-A0ED-7D9C53C60583}"
EndProject
Project("{2150E333-8FDC-42A3-9474-1A3956D46DE8}") = "Model", "Model", "{53260821-9BC5-4ABF-B79D-C1A7E5BDA465}"
EndProject
Project("{2150E333-8FDC-42A3-9474-1A3956D46DE8}") = "Repository", "Repository", "{014D086F-F16E-4E7B-B6EC-682F8C25D40E}"
EndProject
Project("{2150E333-8FDC-42A3-9474-1A3956D46DE8}") = "Business", "Business", "{554C3EB7-8B21-4F23-A0EC-DB67F2C0BA76}"
EndProject
Project("{2150E333-8FDC-42A3-9474-1A3956D46DE8}") = "Interfaces", "Interfaces", "{84BB1E17-DEB6-40AD-8F48-C48A9094C484}"
EndProject
Project("{2150E333-8FDC-42A3-9474-1A3956D46DE8}") = ".Solution Doc", ".Solution Doc", "{0D4A3575-F941-48BD-A37C-4425E68C4B7D}"
	ProjectSection(SolutionItems) = preProject
		Architecture.xml = Architecture.xml
	EndProjectSection
EndProject
Project("{FAE04EC0-301F-11D3-BF4B-00C04F79EFBC}") = "TripBoxWebApp", "Projects\TripBoxWebApp\TripBoxWebApp.csproj", "{BFB9AE2A-F555-45C2-A140-E17F4D9FAB2C}"
EndProject
Project("{FAE04EC0-301F-11D3-BF4B-00C04F79EFBC}") = "TripBoxWebApp.Tests", "Projects\TripBoxWebApp.Tests\TripBoxWebApp.Tests.csproj", "{021BBE09-4B37-4F23-9562-0F40692E2765}"
EndProject
Project("{2150E333-8FDC-42A3-9474-1A3956D46DE8}") = "Hotel", "Hotel", "{9630068C-99B8-4A66-8769-CCAB319A7F19}"
EndProject
Project("{FAE04EC0-301F-11D3-BF4B-00C04F79EFBC}") = "LOGI.Interface.Hotel", "Projects\LOGI.Interface.Hotel\LOGI.Interface.Hotel.csproj", "{B61723A2-2E8D-4774-B4FD-F8107D620D82}"
EndProject
Project("{FAE04EC0-301F-11D3-BF4B-00C04F79EFBC}") = "LOGI.Model.Hotel", "Projects\LOGI.Model.Hotel\LOGI.Model.Hotel.csproj", "{8AFC4E06-7BCC-451C-A49B-64E1177A64B5}"
EndProject
Project("{2150E333-8FDC-42A3-9474-1A3956D46DE8}") = "Provider", "Provider", "{7CB5FB83-25BE-4144-B838-DDD9B2E9C37C}"
EndProject
Project("{2150E333-8FDC-42A3-9474-1A3956D46DE8}") = "Hotel", "Hotel", "{023ACEAD-F553-44F1-9376-509009589FB6}"
EndProject
Project("{FAE04EC0-301F-11D3-BF4B-00C04F79EFBC}") = "LOGI.Inf.Prv.Hotel.DummyHotel", "Projects\LOGI.Inf.Prv.Hotel.DummyHotel\LOGI.Inf.Prv.Hotel.DummyHotel.csproj", "{CA6F3E53-AF3D-4BD2-8900-FF4397443FC4}"
EndProject
Project("{FAE04EC0-301F-11D3-BF4B-00C04F79EFBC}") = "LOGI.Model.Common", "Projects\LOGI.Model.Common\LOGI.Model.Common.csproj", "{1DCBEAB6-554D-4639-B4AC-E85D247D06FD}"
EndProject
Global
	GlobalSection(SolutionConfigurationPlatforms) = preSolution
		Debug|Any CPU = Debug|Any CPU
		Release|Any CPU = Release|Any CPU
	EndGlobalSection
	GlobalSection(ProjectConfigurationPlatforms) = postSolution
		{C81C7156-9A69-4496-90D2-93A020A1DC3E}.Debug|Any CPU.ActiveCfg = Debug|Any CPU
		{C81C7156-9A69-4496-90D2-93A020A1DC3E}.Debug|Any CPU.Build.0 = Debug|Any CPU
		{C81C7156-9A69-4496-90D2-93A020A1DC3E}.Release|Any CPU.ActiveCfg = Release|Any CPU
		{C81C7156-9A69-4496-90D2-93A020A1DC3E}.Release|Any CPU.Build.0 = Release|Any CPU
		{553410E1-0568-4DF2-AE81-67DD84F1E4FA}.Debug|Any CPU.ActiveCfg = Debug|Any CPU
		{553410E1-0568-4DF2-AE81-67DD84F1E4FA}.Debug|Any CPU.Build.0 = Debug|Any CPU
		{553410E1-0568-4DF2-AE81-67DD84F1E4FA}.Release|Any CPU.ActiveCfg = Release|Any CPU
		{553410E1-0568-4DF2-AE81-67DD84F1E4FA}.Release|Any CPU.Build.0 = Release|Any CPU
		{FB9183AD-41CC-4C46-9FA1-44A8CBA3C9FE}.Debug|Any CPU.ActiveCfg = Debug|Any CPU
		{FB9183AD-41CC-4C46-9FA1-44A8CBA3C9FE}.Debug|Any CPU.Build.0 = Debug|Any CPU
		{FB9183AD-41CC-4C46-9FA1-44A8CBA3C9FE}.Release|Any CPU.ActiveCfg = Release|Any CPU
		{FB9183AD-41CC-4C46-9FA1-44A8CBA3C9FE}.Release|Any CPU.Build.0 = Release|Any CPU
		{BFB9AE2A-F555-45C2-A140-E17F4D9FAB2C}.Debug|Any CPU.ActiveCfg = Debug|Any CPU
		{BFB9AE2A-F555-45C2-A140-E17F4D9FAB2C}.Debug|Any CPU.Build.0 = Debug|Any CPU
		{BFB9AE2A-F555-45C2-A140-E17F4D9FAB2C}.Release|Any CPU.ActiveCfg = Release|Any CPU
		{BFB9AE2A-F555-45C2-A140-E17F4D9FAB2C}.Release|Any CPU.Build.0 = Release|Any CPU
		{021BBE09-4B37-4F23-9562-0F40692E2765}.Debug|Any CPU.ActiveCfg = Debug|Any CPU
		{021BBE09-4B37-4F23-9562-0F40692E2765}.Debug|Any CPU.Build.0 = Debug|Any CPU
		{021BBE09-4B37-4F23-9562-0F40692E2765}.Release|Any CPU.ActiveCfg = Release|Any CPU
		{021BBE09-4B37-4F23-9562-0F40692E2765}.Release|Any CPU.Build.0 = Release|Any CPU
		{B61723A2-2E8D-4774-B4FD-F8107D620D82}.Debug|Any CPU.ActiveCfg = Debug|Any CPU
		{B61723A2-2E8D-4774-B4FD-F8107D620D82}.Debug|Any CPU.Build.0 = Debug|Any CPU
		{B61723A2-2E8D-4774-B4FD-F8107D620D82}.Release|Any CPU.ActiveCfg = Release|Any CPU
		{B61723A2-2E8D-4774-B4FD-F8107D620D82}.Release|Any CPU.Build.0 = Release|Any CPU
		{8AFC4E06-7BCC-451C-A49B-64E1177A64B5}.Debug|Any CPU.ActiveCfg = Debug|Any CPU
		{8AFC4E06-7BCC-451C-A49B-64E1177A64B5}.Debug|Any CPU.Build.0 = Debug|Any CPU
		{8AFC4E06-7BCC-451C-A49B-64E1177A64B5}.Release|Any CPU.ActiveCfg = Release|Any CPU
		{8AFC4E06-7BCC-451C-A49B-64E1177A64B5}.Release|Any CPU.Build.0 = Release|Any CPU
		{CA6F3E53-AF3D-4BD2-8900-FF4397443FC4}.Debug|Any CPU.ActiveCfg = Debug|Any CPU
		{CA6F3E53-AF3D-4BD2-8900-FF4397443FC4}.Debug|Any CPU.Build.0 = Debug|Any CPU
		{CA6F3E53-AF3D-4BD2-8900-FF4397443FC4}.Release|Any CPU.ActiveCfg = Release|Any CPU
		{CA6F3E53-AF3D-4BD2-8900-FF4397443FC4}.Release|Any CPU.Build.0 = Release|Any CPU
		{1DCBEAB6-554D-4639-B4AC-E85D247D06FD}.Debug|Any CPU.ActiveCfg = Debug|Any CPU
		{1DCBEAB6-554D-4639-B4AC-E85D247D06FD}.Debug|Any CPU.Build.0 = Debug|Any CPU
		{1DCBEAB6-554D-4639-B4AC-E85D247D06FD}.Release|Any CPU.ActiveCfg = Release|Any CPU
		{1DCBEAB6-554D-4639-B4AC-E85D247D06FD}.Release|Any CPU.Build.0 = Release|Any CPU
	EndGlobalSection
	GlobalSection(SolutionProperties) = preSolution
		HideSolutionNode = FALSE
	EndGlobalSection
	GlobalSection(NestedProjects) = preSolution
		{FB9183AD-41CC-4C46-9FA1-44A8CBA3C9FE} = {716087E0-3D5E-42C3-A0ED-7D9C53C60583}
		{C81C7156-9A69-4496-90D2-93A020A1DC3E} = {716087E0-3D5E-42C3-A0ED-7D9C53C60583}
		{553410E1-0568-4DF2-AE81-67DD84F1E4FA} = {5873AABA-A3A4-4167-B75F-D50DCE43DD3C}
		{BFB9AE2A-F555-45C2-A140-E17F4D9FAB2C} = {5873AABA-A3A4-4167-B75F-D50DCE43DD3C}
		{021BBE09-4B37-4F23-9562-0F40692E2765} = {5873AABA-A3A4-4167-B75F-D50DCE43DD3C}
		{DA5B99AD-9EF2-4E24-BE58-6470B48FC068} = {C67F2468-AB6C-46E1-B096-7C9F176A1638}
		{70B66A73-B596-46EB-8E30-D7074DFCA495} = {C67F2468-AB6C-46E1-B096-7C9F176A1638}
		{76D7E67C-F304-4B32-8712-6DC26D3105BF} = {C67F2468-AB6C-46E1-B096-7C9F176A1638}
		{554C3EB7-8B21-4F23-A0EC-DB67F2C0BA76} = {DA5B99AD-9EF2-4E24-BE58-6470B48FC068}
		{84BB1E17-DEB6-40AD-8F48-C48A9094C484} = {DA5B99AD-9EF2-4E24-BE58-6470B48FC068}
		{53260821-9BC5-4ABF-B79D-C1A7E5BDA465} = {70B66A73-B596-46EB-8E30-D7074DFCA495}
		{014D086F-F16E-4E7B-B6EC-682F8C25D40E} = {70B66A73-B596-46EB-8E30-D7074DFCA495}
		{7CB5FB83-25BE-4144-B838-DDD9B2E9C37C} = {76D7E67C-F304-4B32-8712-6DC26D3105BF}
		{8AFC4E06-7BCC-451C-A49B-64E1177A64B5} = {53260821-9BC5-4ABF-B79D-C1A7E5BDA465}
		{1DCBEAB6-554D-4639-B4AC-E85D247D06FD} = {53260821-9BC5-4ABF-B79D-C1A7E5BDA465}
		{9630068C-99B8-4A66-8769-CCAB319A7F19} = {84BB1E17-DEB6-40AD-8F48-C48A9094C484}
		{B61723A2-2E8D-4774-B4FD-F8107D620D82} = {9630068C-99B8-4A66-8769-CCAB319A7F19}
		{023ACEAD-F553-44F1-9376-509009589FB6} = {7CB5FB83-25BE-4144-B838-DDD9B2E9C37C}
		{CA6F3E53-AF3D-4BD2-8900-FF4397443FC4} = {023ACEAD-F553-44F1-9376-509009589FB6}
	EndGlobalSection
EndGlobal
